#MicroXplorer Configuration settings - do not modify
ADC1.Channel-0\#ChannelRegularConversion=ADC_CHANNEL_0
ADC1.IPParameters=Rank-0\#ChannelRegularConversion,master,Channel-0\#ChannelRegularConversion,SamplingTime-0\#ChannelRegularConversion,NbrOfConversionFlag
ADC1.NbrOfConversionFlag=1
ADC1.Rank-0\#ChannelRegularConversion=1
ADC1.SamplingTime-0\#ChannelRegularConversion=ADC_SAMPLETIME_3CYCLES
ADC1.master=1
CAN1.CalculateBaudRate=520833
CAN1.CalculateTimeBit=1920
CAN1.CalculateTimeQuantum=640.0
CAN1.IPParameters=CalculateTimeQuantum,CalculateTimeBit,CalculateBaudRate
ETH.IPParameters=MediaInterface,PHY_Name_RMII,MACAddr,RxMode,RxBuffLen
ETH.MACAddr=80\:80\:A2\:AE\:13\:41
ETH.MediaInterface=HAL_ETH_RMII_MODE
ETH.PHY_Name_RMII=DP83848_PHY_ADDRESS
ETH.RxBuffLen=1524
ETH.RxMode=ETH_RXPOLLING_MODE
FSMC.AddressSetupTime1=10
FSMC.BusTurnAroundDuration1=0
FSMC.DataSetupTime1=20
FSMC.IPParameters=AddressSetupTime1,DataSetupTime1,BusTurnAroundDuration1
File.Version=6
GPIO.groupedBy=Group By Peripherals
I2C1.ClockSpeed=100000
I2C1.DualAddressMode=I2C_DUALADDRESS_DISABLE
I2C1.IPParameters=DualAddressMode,ClockSpeed
KeepUserPlacement=false
LWIP.API_LIB_DEBUG=LWIP_DBG_ON
LWIP.API_MSG_DEBUG=LWIP_DBG_ON
LWIP.AUTOIP_DEBUG=LWIP_DBG_ON
LWIP.BSP.number=1
LWIP.DHCP6_DEBUG=LWIP_DBG_ON
LWIP.DHCP_DEBUG=LWIP_DBG_ON
LWIP.DNS_DEBUG=LWIP_DBG_ON
LWIP.ETHARP_DEBUG=LWIP_DBG_ON
LWIP.GATEWAY_ADDRESS=192.168.001.001
LWIP.HTTPD_DEBUG=LWIP_DBG_ON
LWIP.HTTPD_DEBUG_TIMING=LWIP_DBG_ON
LWIP.ICMP_DEBUG=LWIP_DBG_ON
LWIP.IGMP_DEBUG=LWIP_DBG_ON
LWIP.INET_DEBUG=LWIP_DBG_ON
LWIP.IP6_DEBUG=LWIP_DBG_ON
LWIP.IPParameters=LWIP_RAM_HEAP_POINTER,LWIP_DHCP,IP_ADDRESS,NETMASK_ADDRESS,GATEWAY_ADDRESS,LWIP_BROADCAST_PING,ICMP_DEBUG,ETHARP_DEBUG,LWIP_HTTPD,HTTPD_DEBUG,NETIF_DEBUG,PBUF_DEBUG,SOCKETS_DEBUG,API_LIB_DEBUG,IGMP_DEBUG,INET_DEBUG,IP_DEBUG,IP_REASS_DEBUG,RAW_DEBUG,MEM_DEBUG,MEMP_DEBUG,SYS_DEBUG,TIMERS_DEBUG,TCP_DEBUG,TCP_FR_DEBUG,TCP_INPUT_DEBUG,TCP_RTO_DEBUG,TCP_CWND_DEBUG,TCP_WND_DEBUG,TCP_OUTPUT_DEBUG,TCP_RST_DEBUG,TCP_QLEN_DEBUG,UDP_DEBUG,TCPIP_DEBUG,SLIP_DEBUG,DHCP_DEBUG,AUTOIP_DEBUG,DNS_DEBUG,PPP_DEBUG,IP6_DEBUG,DHCP6_DEBUG,LWIP_TESTMODE,HTTPD_DEBUG_TIMING,SNMP_DEBUG,SNMP_MIB_DEBUG,SNTP_DEBUG,SMTP_DEBUG,MDNS_DEBUG,API_MSG_DEBUG
LWIP.IP_ADDRESS=192.168.001.015
LWIP.IP_DEBUG=LWIP_DBG_ON
LWIP.IP_REASS_DEBUG=LWIP_DBG_ON
LWIP.LWIP_BROADCAST_PING=1
LWIP.LWIP_DHCP=0
LWIP.LWIP_HTTPD=0
LWIP.LWIP_RAM_HEAP_POINTER=0x20019004
LWIP.LWIP_TESTMODE=1
LWIP.MDNS_DEBUG=LWIP_DBG_ON
LWIP.MEMP_DEBUG=LWIP_DBG_ON
LWIP.MEM_DEBUG=LWIP_DBG_ON
LWIP.NETIF_DEBUG=LWIP_DBG_ON
LWIP.NETMASK_ADDRESS=255.255.255.000
LWIP.PBUF_DEBUG=LWIP_DBG_ON
LWIP.PPP_DEBUG=LWIP_DBG_ON
LWIP.RAW_DEBUG=LWIP_DBG_ON
LWIP.SLIP_DEBUG=LWIP_DBG_ON
LWIP.SMTP_DEBUG=LWIP_DBG_ON
LWIP.SNMP_DEBUG=LWIP_DBG_ON
LWIP.SNMP_MIB_DEBUG=LWIP_DBG_ON
LWIP.SNTP_DEBUG=LWIP_DBG_ON
LWIP.SOCKETS_DEBUG=LWIP_DBG_ON
LWIP.SYS_DEBUG=LWIP_DBG_ON
LWIP.TCPIP_DEBUG=LWIP_DBG_ON
LWIP.TCP_CWND_DEBUG=LWIP_DBG_ON
LWIP.TCP_DEBUG=LWIP_DBG_ON
LWIP.TCP_FR_DEBUG=LWIP_DBG_ON
LWIP.TCP_INPUT_DEBUG=LWIP_DBG_ON
LWIP.TCP_OUTPUT_DEBUG=LWIP_DBG_ON
LWIP.TCP_QLEN_DEBUG=LWIP_DBG_ON
LWIP.TCP_RST_DEBUG=LWIP_DBG_ON
LWIP.TCP_RTO_DEBUG=LWIP_DBG_ON
LWIP.TCP_WND_DEBUG=LWIP_DBG_ON
LWIP.TIMERS_DEBUG=LWIP_DBG_ON
LWIP.UDP_DEBUG=LWIP_DBG_ON
LWIP.Version=v2.1.2_Cube
LWIP0.BSP.STBoard=false
LWIP0.BSP.api=BSP_COMPONENT_DRIVER
LWIP0.BSP.component=DP83848
LWIP0.BSP.condition=
LWIP0.BSP.i2caddr=0
LWIP0.BSP.i2creg=
LWIP0.BSP.instance=DP83848
LWIP0.BSP.ip=
LWIP0.BSP.mode=
LWIP0.BSP.name=Driver_PHY
LWIP0.BSP.semaphore=S_DP83848
LWIP0.BSP.solution=DP83848
Mcu.CPN=STM32F407VGT6
Mcu.Family=STM32F4
Mcu.IP0=ADC1
Mcu.IP1=CAN1
Mcu.IP10=SPI2
Mcu.IP11=SYS
Mcu.IP12=TIM1
Mcu.IP13=TIM3
Mcu.IP14=TIM4
Mcu.IP15=UART5
Mcu.IP2=DCMI
Mcu.IP3=ETH
Mcu.IP4=FSMC
Mcu.IP5=I2C1
Mcu.IP6=LWIP
Mcu.IP7=NVIC
Mcu.IP8=RCC
Mcu.IP9=RTC
Mcu.IPNb=16
Mcu.Name=STM32F407V(E-G)Tx
Mcu.Package=LQFP100
Mcu.Pin0=PE2
Mcu.Pin1=PE3
Mcu.Pin10=PC0
Mcu.Pin11=PC1
Mcu.Pin12=PC2
Mcu.Pin13=PC3
Mcu.Pin14=PA0-WKUP
Mcu.Pin15=PA1
Mcu.Pin16=PA2
Mcu.Pin17=PA3
Mcu.Pin18=PA4
Mcu.Pin19=PA5
Mcu.Pin2=PE4
Mcu.Pin20=PA6
Mcu.Pin21=PA7
Mcu.Pin22=PC4
Mcu.Pin23=PC5
Mcu.Pin24=PB0
Mcu.Pin25=PB1
Mcu.Pin26=PB2
Mcu.Pin27=PE7
Mcu.Pin28=PE8
Mcu.Pin29=PE9
Mcu.Pin3=PE5
Mcu.Pin30=PE10
Mcu.Pin31=PE11
Mcu.Pin32=PE12
Mcu.Pin33=PE13
Mcu.Pin34=PE14
Mcu.Pin35=PE15
Mcu.Pin36=PB10
Mcu.Pin37=PB11
Mcu.Pin38=PB12
Mcu.Pin39=PB13
Mcu.Pin4=PE6
Mcu.Pin40=PB14
Mcu.Pin41=PB15
Mcu.Pin42=PD8
Mcu.Pin43=PD9
Mcu.Pin44=PD10
Mcu.Pin45=PD11
Mcu.Pin46=PD12
Mcu.Pin47=PD13
Mcu.Pin48=PD14
Mcu.Pin49=PD15
Mcu.Pin5=PC13-ANTI_TAMP
Mcu.Pin50=PC6
Mcu.Pin51=PC7
Mcu.Pin52=PC8
Mcu.Pin53=PC9
Mcu.Pin54=PA8
Mcu.Pin55=PA9
Mcu.Pin56=PA10
Mcu.Pin57=PA11
Mcu.Pin58=PA12
Mcu.Pin59=PA13
Mcu.Pin6=PC14-OSC32_IN
Mcu.Pin60=PA14
Mcu.Pin61=PA15
Mcu.Pin62=PC10
Mcu.Pin63=PC11
Mcu.Pin64=PC12
Mcu.Pin65=PD0
Mcu.Pin66=PD1
Mcu.Pin67=PD2
Mcu.Pin68=PD3
Mcu.Pin69=PD4
Mcu.Pin7=PC15-OSC32_OUT
Mcu.Pin70=PD5
Mcu.Pin71=PD6
Mcu.Pin72=PD7
Mcu.Pin73=PB3
Mcu.Pin74=PB4
Mcu.Pin75=PB5
Mcu.Pin76=PB6
Mcu.Pin77=PB7
Mcu.Pin78=PB8
Mcu.Pin79=PB9
Mcu.Pin8=PH0-OSC_IN
Mcu.Pin80=PE0
Mcu.Pin81=PE1
Mcu.Pin82=VP_LWIP_VS_Enabled
Mcu.Pin83=VP_RTC_VS_RTC_Activate
Mcu.Pin84=VP_SYS_VS_tim2
Mcu.Pin9=PH1-OSC_OUT
Mcu.PinsNb=85
Mcu.ThirdPartyNb=0
Mcu.UserConstants=
Mcu.UserName=STM32F407VGTx
MxCube.Version=6.5.0
MxDb.Version=DB.6.0.50
NVIC.BusFault_IRQn=true\:0\:0\:false\:false\:true\:false\:false\:true
NVIC.DebugMonitor_IRQn=true\:0\:0\:false\:false\:true\:false\:false\:true
NVIC.ForceEnableDMAVector=true
NVIC.HardFault_IRQn=true\:0\:0\:false\:false\:true\:false\:false\:true
NVIC.MemoryManagement_IRQn=true\:0\:0\:false\:false\:true\:false\:false\:true
NVIC.NonMaskableInt_IRQn=true\:0\:0\:false\:false\:true\:false\:false\:true
NVIC.PendSV_IRQn=true\:0\:0\:false\:false\:true\:false\:false\:true
NVIC.PriorityGroup=NVIC_PRIORITYGROUP_4
NVIC.SVCall_IRQn=true\:0\:0\:false\:false\:true\:false\:false\:true
NVIC.SysTick_IRQn=true\:15\:0\:false\:false\:true\:false\:true\:true
NVIC.TIM2_IRQn=true\:15\:0\:false\:false\:true\:false\:true\:true
NVIC.TimeBase=TIM2_IRQn
NVIC.TimeBaseIP=TIM2
NVIC.UsageFault_IRQn=true\:0\:0\:false\:false\:true\:false\:false\:true
PA0-WKUP.GPIOParameters=GPIO_Label
PA0-WKUP.GPIO_Label=ANALOG0
PA0-WKUP.Signal=ADCx_IN0
PA1.Mode=RMII
PA1.Signal=ETH_REF_CLK
PA10.GPIOParameters=GPIO_Label
PA10.GPIO_Label=INPUT0
PA10.Locked=true
PA10.Signal=GPIO_Input
PA11.Mode=CAN_Activate
PA11.Signal=CAN1_RX
PA12.Mode=CAN_Activate
PA12.Signal=CAN1_TX
PA13.Mode=Trace_Asynchronous_SW
PA13.Signal=SYS_JTMS-SWDIO
PA14.Mode=Trace_Asynchronous_SW
PA14.Signal=SYS_JTCK-SWCLK
PA15.GPIOParameters=GPIO_Label
PA15.GPIO_Label=INPUT1
PA15.Locked=true
PA15.Signal=GPIO_Input
PA2.Mode=RMII
PA2.Signal=ETH_MDIO
PA3.GPIOParameters=GPIO_Label
PA3.GPIO_Label=ANALOG2
PA3.Signal=ADCx_IN3
PA4.Mode=Slave_8_bits_External_Synchro
PA4.Signal=DCMI_HSYNC
PA5.GPIOParameters=GPIO_Label
PA5.GPIO_Label=LED_LCD_ON
PA5.Locked=true
PA5.Signal=GPIO_Output
PA6.Mode=Slave_8_bits_External_Synchro
PA6.Signal=DCMI_PIXCLK
PA7.Mode=RMII
PA7.Signal=ETH_CRS_DV
PA8.GPIOParameters=GPIO_Label
PA8.GPIO_Label=ENCODER0_M
PA8.Signal=S_TIM1_CH1
PA9.GPIOParameters=GPIO_Label
PA9.GPIO_Label=ENCODER0_P
PA9.Signal=S_TIM1_CH2
PB0.GPIOParameters=GPIO_Label
PB0.GPIO_Label=ETH_RESET
PB0.Locked=true
PB0.Signal=GPIO_Output
PB1.GPIOParameters=GPIO_Label
PB1.GPIO_Label=ANALOG1
PB1.Signal=ADCx_IN9
PB10.Mode=Full_Duplex_Master
PB10.Signal=SPI2_SCK
PB11.Mode=RMII
PB11.Signal=ETH_TX_EN
PB12.GPIOParameters=GPIO_PuPd
PB12.GPIO_PuPd=GPIO_NOPULL
PB12.Mode=RMII
PB12.Signal=ETH_TXD0
PB13.GPIOParameters=GPIO_PuPd
PB13.GPIO_PuPd=GPIO_NOPULL
PB13.Mode=RMII
PB13.Signal=ETH_TXD1
PB14.GPIOParameters=GPIO_Label
PB14.GPIO_Label=OUTPUT3
PB14.Locked=true
PB14.Signal=GPIO_Output
PB15.GPIOParameters=GPIO_Label
PB15.GPIO_Label=OUTPUT2
PB15.Locked=true
PB15.Signal=GPIO_Output
PB2.GPIOParameters=GPIO_Label
PB2.GPIO_Label=INPUT2
PB2.Locked=true
PB2.Signal=GPIO_Input
PB3.Mode=Trace_Asynchronous_SW
PB3.Signal=SYS_JTDO-SWO
PB4.GPIOParameters=GPIO_Label
PB4.GPIO_Label=ENCODER1_M
PB4.Signal=S_TIM3_CH1
PB5.GPIOParameters=GPIO_Label
PB5.GPIO_Label=ENCODER1_P
PB5.Signal=S_TIM3_CH2
PB6.Mode=Slave_8_bits_External_Synchro
PB6.Signal=DCMI_D5
PB7.Mode=Slave_8_bits_External_Synchro
PB7.Signal=DCMI_VSYNC
PB8.GPIOParameters=GPIO_Pu
PB8.GPIO_Pu=GPIO_PULLUP
PB8.Mode=I2C
PB8.Signal=I2C1_SCL
PB9.GPIOParameters=GPIO_Pu
PB9.GPIO_Pu=GPIO_PULLUP
PB9.Mode=I2C
PB9.Signal=I2C1_SDA
PC0.GPIOParameters=GPIO_Label
PC0.GPIO_Label=SDCARD_CS
PC0.Locked=true
PC0.Signal=GPIO_Output
PC1.Mode=RMII
PC1.Signal=ETH_MDC
PC10.GPIOParameters=GPIO_Label
PC10.GPIO_Label=INPUT3
PC10.Locked=true
PC10.Signal=GPIO_Input
PC11.GPIOParameters=GPIO_PuPd,GPIO_Label
PC11.GPIO_Label=LDAC
PC11.GPIO_PuPd=GPIO_PULLUP
PC11.Locked=true
PC11.Signal=GPIO_Output
PC12.Mode=Asynchronous
PC12.Signal=UART5_TX
PC13-ANTI_TAMP.GPIOParameters=GPIO_Label
PC13-ANTI_TAMP.GPIO_Label=ENCODER2_REVERSE
PC13-ANTI_TAMP.Locked=true
PC13-ANTI_TAMP.Signal=GPIO_Output
PC14-OSC32_IN.Mode=LSE-External-Oscillator
PC14-OSC32_IN.Signal=RCC_OSC32_IN
PC15-OSC32_OUT.Mode=LSE-External-Oscillator
PC15-OSC32_OUT.Signal=RCC_OSC32_OUT
PC2.Mode=Full_Duplex_Master
PC2.Signal=SPI2_MISO
PC3.Mode=Full_Duplex_Master
PC3.Signal=SPI2_MOSI
PC4.GPIOParameters=GPIO_PuPd
PC4.GPIO_PuPd=GPIO_PULLDOWN
PC4.Mode=RMII
PC4.Signal=ETH_RXD0
PC5.GPIOParameters=GPIO_PuPd
PC5.GPIO_PuPd=GPIO_PULLDOWN
PC5.Mode=RMII
PC5.Signal=ETH_RXD1
PC6.Mode=Slave_8_bits_External_Synchro
PC6.Signal=DCMI_D0
PC7.Mode=Slave_8_bits_External_Synchro
PC7.Signal=DCMI_D1
PC8.Mode=Slave_8_bits_External_Synchro
PC8.Signal=DCMI_D2
PC9.Mode=Slave_8_bits_External_Synchro
PC9.Signal=DCMI_D3
PD0.Mode=16b-d1
PD0.Signal=FSMC_D2
PD1.Mode=16b-d1
PD1.Signal=FSMC_D3
PD10.Mode=16b-d1
PD10.Signal=FSMC_D15
PD11.Mode=A16_1
PD11.Signal=FSMC_A16
PD12.GPIOParameters=GPIO_Label
PD12.GPIO_Label=ENCODER2_M
PD12.Signal=S_TIM4_CH1
PD13.GPIOParameters=GPIO_Label
PD13.GPIO_Label=ENCODER2_P
PD13.Signal=S_TIM4_CH2
PD14.Mode=16b-d1
PD14.Signal=FSMC_D0
PD15.Mode=16b-d1
PD15.Signal=FSMC_D1
PD2.Mode=Asynchronous
PD2.Signal=UART5_RX
PD3.GPIOParameters=GPIO_Label
PD3.GPIO_Label=OUTPUT1
PD3.Locked=true
PD3.Signal=GPIO_Output
PD4.Mode=Lcd1
PD4.Signal=FSMC_NOE
PD5.Mode=Lcd1
PD5.Signal=FSMC_NWE
PD6.GPIOParameters=GPIO_Label
PD6.GPIO_Label=OUTPUT0
PD6.Locked=true
PD6.Signal=GPIO_Output
PD7.Mode=NorPsramChipSelect1_1
PD7.Signal=FSMC_NE1
PD8.Mode=16b-d1
PD8.Signal=FSMC_D13
PD9.Mode=16b-d1
PD9.Signal=FSMC_D14
PE0.GPIOParameters=GPIO_Label
PE0.GPIO_Label=LCD_RESET
PE0.Locked=true
PE0.Signal=GPIO_Output
PE1.GPIOParameters=GPIO_Label
PE1.GPIO_Label=CAMERA_RESET
PE1.Locked=true
PE1.Signal=GPIO_Output
PE10.Mode=16b-d1
PE10.Signal=FSMC_D7
PE11.Mode=16b-d1
PE11.Signal=FSMC_D8
PE12.Mode=16b-d1
PE12.Signal=FSMC_D9
PE13.Mode=16b-d1
PE13.Signal=FSMC_D10
PE14.Mode=16b-d1
PE14.Signal=FSMC_D11
PE15.Mode=16b-d1
PE15.Signal=FSMC_D12
PE2.GPIOParameters=GPIO_Label
PE2.GPIO_Label=ENCODER0_REVERSE
PE2.Locked=true
PE2.Signal=GPIO_Output
PE3.GPIOParameters=GPIO_Label
PE3.GPIO_Label=ENCODER1_REVERSE
PE3.Locked=true
PE3.Signal=GPIO_Output
PE4.Mode=Slave_8_bits_External_Synchro
PE4.Signal=DCMI_D4
PE5.Mode=Slave_8_bits_External_Synchro
PE5.Signal=DCMI_D6
PE6.Mode=Slave_8_bits_External_Synchro
PE6.Signal=DCMI_D7
PE7.Mode=16b-d1
PE7.Signal=FSMC_D4
PE8.Mode=16b-d1
PE8.Signal=FSMC_D5
PE9.Mode=16b-d1
PE9.Signal=FSMC_D6
PH0-OSC_IN.GPIOParameters=GPIO_Label
PH0-OSC_IN.GPIO_Label=TOUCH_CS
PH0-OSC_IN.Locked=true
PH0-OSC_IN.Signal=GPIO_Output
PH1-OSC_OUT.GPIOParameters=GPIO_Label
PH1-OSC_OUT.GPIO_Label=TOUCH_IRQ
PH1-OSC_OUT.Locked=true
PH1-OSC_OUT.Signal=GPIO_Input
PinOutPanel.RotationAngle=0
ProjectManager.AskForMigrate=true
ProjectManager.BackupPrevious=false
ProjectManager.CompilerOptimize=6
ProjectManager.ComputerToolchain=false
ProjectManager.CoupleFile=false
ProjectManager.CustomerFirmwarePackage=
ProjectManager.DefaultFWLocation=true
ProjectManager.DeletePrevious=true
ProjectManager.DeviceId=STM32F407VGTx
ProjectManager.FirmwarePackage=STM32Cube FW_F4 V1.27.0
ProjectManager.FreePins=false
ProjectManager.HalAssertFull=false
ProjectManager.HeapSize=0x200
ProjectManager.KeepUserCode=true
ProjectManager.LastFirmware=true
ProjectManager.LibraryCopy=1
ProjectManager.MainLocation=Core/Src
ProjectManager.NoMain=false
ProjectManager.PreviousToolchain=STM32CubeIDE
ProjectManager.ProjectBuild=false
ProjectManager.ProjectFileName=ETH OPAMP DCMI FSMC CAN ENCODER CS1000.ioc
ProjectManager.ProjectName=ETH OPAMP DCMI FSMC CAN ENCODER CS1000
ProjectManager.RegisterCallBack=
ProjectManager.StackSize=0x400
ProjectManager.TargetToolchain=STM32CubeIDE
ProjectManager.ToolChainLocation=
ProjectManager.UnderRoot=true
ProjectManager.functionlistsort=1-MX_GPIO_Init-GPIO-false-HAL-true,2-SystemClock_Config-RCC-false-HAL-false,3-MX_FSMC_Init-FSMC-false-HAL-true,4-MX_DCMI_Init-DCMI-false-HAL-true,5-MX_SPI2_Init-SPI2-false-HAL-true,6-MX_TIM1_Init-TIM1-false-HAL-true,7-MX_TIM3_Init-TIM3-false-HAL-true,8-MX_ADC1_Init-ADC1-false-HAL-true,9-MX_CAN1_Init-CAN1-false-HAL-true,10-MX_RTC_Init-RTC-false-HAL-true,11-MX_TIM4_Init-TIM4-false-HAL-true,12-MX_UART5_Init-UART5-false-HAL-true,13-MX_LWIP_Init-LWIP-false-HAL-false,14-MX_I2C1_Init-I2C1-false-HAL-true
RCC.48MHZClocksFreq_Value=25000000
RCC.AHBFreq_Value=50000000
RCC.APB1CLKDivider=RCC_HCLK_DIV2
RCC.APB1Freq_Value=25000000
RCC.APB1TimFreq_Value=50000000
RCC.APB2CLKDivider=RCC_HCLK_DIV8
RCC.APB2Freq_Value=6250000
RCC.APB2TimFreq_Value=12500000
RCC.CortexFreq_Value=50000000
RCC.EthernetFreq_Value=50000000
RCC.FCLKCortexFreq_Value=50000000
RCC.FamilyName=M
RCC.HCLKFreq_Value=50000000
RCC.HSE_VALUE=4000000
RCC.HSI_VALUE=16000000
RCC.I2SClocksFreq_Value=192000000
RCC.IPParameters=48MHZClocksFreq_Value,AHBFreq_Value,APB1CLKDivider,APB1Freq_Value,APB1TimFreq_Value,APB2CLKDivider,APB2Freq_Value,APB2TimFreq_Value,CortexFreq_Value,EthernetFreq_Value,FCLKCortexFreq_Value,FamilyName,HCLKFreq_Value,HSE_VALUE,HSI_VALUE,I2SClocksFreq_Value,LSE_Timout,LSI_VALUE,MCO2PinFreq_Value,PLLCLKFreq_Value,PLLM,PLLN,PLLQCLKFreq_Value,RCC_RTC_Clock_Source,RCC_RTC_Clock_SourceVirtual,RTCFreq_Value,RTCHSEDivFreq_Value,SYSCLKFreq_VALUE,SYSCLKSource,VCOI2SOutputFreq_Value,VCOInputFreq_Value,VCOOutputFreq_Value,VcooutputI2S
RCC.LSE_Timout=60000
RCC.LSI_VALUE=32000
RCC.MCO2PinFreq_Value=50000000
RCC.PLLCLKFreq_Value=50000000
RCC.PLLM=8
RCC.PLLN=50
RCC.PLLQCLKFreq_Value=25000000
RCC.RCC_RTC_Clock_Source=RCC_RTCCLKSOURCE_LSI
RCC.RCC_RTC_Clock_SourceVirtual=RCC_RTCCLKSOURCE_LSE
RCC.RTCFreq_Value=32000
RCC.RTCHSEDivFreq_Value=2000000
RCC.SYSCLKFreq_VALUE=50000000
RCC.SYSCLKSource=RCC_SYSCLKSOURCE_PLLCLK
RCC.VCOI2SOutputFreq_Value=384000000
RCC.VCOInputFreq_Value=2000000
RCC.VCOOutputFreq_Value=100000000
RCC.VcooutputI2S=192000000
SH.ADCx_IN0.0=ADC1_IN0,IN0
SH.ADCx_IN0.ConfNb=1
SH.ADCx_IN3.0=ADC1_IN3,IN3
SH.ADCx_IN3.ConfNb=1
SH.ADCx_IN9.0=ADC1_IN9,IN9
SH.ADCx_IN9.ConfNb=1
SH.S_TIM1_CH1.0=TIM1_CH1,Encoder_Interface
SH.S_TIM1_CH1.ConfNb=1
SH.S_TIM1_CH2.0=TIM1_CH2,Encoder_Interface
SH.S_TIM1_CH2.ConfNb=1
SH.S_TIM3_CH1.0=TIM3_CH1,Encoder_Interface
SH.S_TIM3_CH1.ConfNb=1
SH.S_TIM3_CH2.0=TIM3_CH2,Encoder_Interface
SH.S_TIM3_CH2.ConfNb=1
SH.S_TIM4_CH1.0=TIM4_CH1,Encoder_Interface
SH.S_TIM4_CH1.ConfNb=1
SH.S_TIM4_CH2.0=TIM4_CH2,Encoder_Interface
SH.S_TIM4_CH2.ConfNb=1
SPI2.BaudRatePrescaler=SPI_BAUDRATEPRESCALER_64
SPI2.CalculateBaudRate=390.625 KBits/s
SPI2.Direction=SPI_DIRECTION_2LINES
SPI2.IPParameters=VirtualType,Mode,Direction,CalculateBaudRate,BaudRatePrescaler
SPI2.Mode=SPI_MODE_MASTER
SPI2.VirtualType=VM_MASTER
UART5.IPParameters=VirtualMode
UART5.VirtualMode=Asynchronous
VP_LWIP_VS_Enabled.Mode=Enabled
VP_LWIP_VS_Enabled.Signal=LWIP_VS_Enabled
VP_RTC_VS_RTC_Activate.Mode=RTC_Enabled
VP_RTC_VS_RTC_Activate.Signal=RTC_VS_RTC_Activate
VP_SYS_VS_tim2.Mode=TIM2
VP_SYS_VS_tim2.Signal=SYS_VS_tim2
board=custom
isbadioc=false
